// !$*UTF8*$!
{
	archiveVersion = 1;
	classes = {
	};
	objectVersion = 50;
	objects = {

/* Begin PBXBuildFile section */
		BEC9CB6521DFB573007EAFA1 /* AppDelegate.swift in Sources */ = {isa = PBXBuildFile; fileRef = BEC9CB6421DFB573007EAFA1 /* AppDelegate.swift */; };
		BEC9CB6721DFB573007EAFA1 /* ViewController.swift in Sources */ = {isa = PBXBuildFile; fileRef = BEC9CB6621DFB573007EAFA1 /* ViewController.swift */; };
		BEC9CB6A21DFB573007EAFA1 /* Main.storyboard in Resources */ = {isa = PBXBuildFile; fileRef = BEC9CB6821DFB573007EAFA1 /* Main.storyboard */; };
		BEC9CB6C21DFB589007EAFA1 /* Assets.xcassets in Resources */ = {isa = PBXBuildFile; fileRef = BEC9CB6B21DFB589007EAFA1 /* Assets.xcassets */; };
		BEC9CB6F21DFB589007EAFA1 /* LaunchScreen.storyboard in Resources */ = {isa = PBXBuildFile; fileRef = BEC9CB6D21DFB589007EAFA1 /* LaunchScreen.storyboard */; };
		BEC9CB7A21DFB58A007EAFA1 /* ReallyBigProjectTests.swift in Sources */ = {isa = PBXBuildFile; fileRef = BEC9CB7921DFB58A007EAFA1 /* ReallyBigProjectTests.swift */; };
		BEC9CB8521DFB58A007EAFA1 /* ReallyBigProjectUITests.swift in Sources */ = {isa = PBXBuildFile; fileRef = BEC9CB8421DFB58A007EAFA1 /* ReallyBigProjectUITests.swift */; };
/* End PBXBuildFile section */

/* Begin PBXContainerItemProxy section */
		BEC9CB7621DFB58A007EAFA1 /* PBXContainerItemProxy */ = {
			isa = PBXContainerItemProxy;
			containerPortal = BEC9CB5921DFB573007EAFA1 /* Project object */;
			proxyType = 1;
			remoteGlobalIDString = BEC9CB6021DFB573007EAFA1;
			remoteInfo = ReallyBigProject;
		};
		BEC9CB8121DFB58A007EAFA1 /* PBXContainerItemProxy */ = {
			isa = PBXContainerItemProxy;
			containerPortal = BEC9CB5921DFB573007EAFA1 /* Project object */;
			proxyType = 1;
			remoteGlobalIDString = BEC9CB6021DFB573007EAFA1;
			remoteInfo = ReallyBigProject;
		};
/* End PBXContainerItemProxy section */

/* Begin PBXFileReference section */
		BEC9CB6121DFB573007EAFA1 /* ReallyBigProject.app */ = {isa = PBXFileReference; explicitFileType = wrapper.application; includeInIndex = 0; path = ReallyBigProject.app; sourceTree = BUILT_PRODUCTS_DIR; };
		BEC9CB6421DFB573007EAFA1 /* AppDelegate.swift */ = {isa = PBXFileReference; lastKnownFileType = sourcecode.swift; path = AppDelegate.swift; sourceTree = "<group>"; };
		BEC9CB6621DFB573007EAFA1 /* ViewController.swift */ = {isa = PBXFileReference; lastKnownFileType = sourcecode.swift; path = ViewController.swift; sourceTree = "<group>"; };
		BEC9CB6921DFB573007EAFA1 /* Base */ = {isa = PBXFileReference; lastKnownFileType = file.storyboard; name = Base; path = Base.lproj/Main.storyboard; sourceTree = "<group>"; };
		BEC9CB6B21DFB589007EAFA1 /* Assets.xcassets */ = {isa = PBXFileReference; lastKnownFileType = folder.assetcatalog; path = Assets.xcassets; sourceTree = "<group>"; };
		BEC9CB6E21DFB589007EAFA1 /* Base */ = {isa = PBXFileReference; lastKnownFileType = file.storyboard; name = Base; path = Base.lproj/LaunchScreen.storyboard; sourceTree = "<group>"; };
		BEC9CB7021DFB589007EAFA1 /* Info.plist */ = {isa = PBXFileReference; lastKnownFileType = text.plist.xml; path = Info.plist; sourceTree = "<group>"; };
		BEC9CB7521DFB58A007EAFA1 /* ReallyBigProjectTests.xctest */ = {isa = PBXFileReference; explicitFileType = wrapper.cfbundle; includeInIndex = 0; path = ReallyBigProjectTests.xctest; sourceTree = BUILT_PRODUCTS_DIR; };
		BEC9CB7921DFB58A007EAFA1 /* ReallyBigProjectTests.swift */ = {isa = PBXFileReference; lastKnownFileType = sourcecode.swift; path = ReallyBigProjectTests.swift; sourceTree = "<group>"; };
		BEC9CB7B21DFB58A007EAFA1 /* Info.plist */ = {isa = PBXFileReference; lastKnownFileType = text.plist.xml; path = Info.plist; sourceTree = "<group>"; };
		BEC9CB8021DFB58A007EAFA1 /* ReallyBigProjectUITests.xctest */ = {isa = PBXFileReference; explicitFileType = wrapper.cfbundle; includeInIndex = 0; path = ReallyBigProjectUITests.xctest; sourceTree = BUILT_PRODUCTS_DIR; };
		BEC9CB8421DFB58A007EAFA1 /* ReallyBigProjectUITests.swift */ = {isa = PBXFileReference; lastKnownFileType = sourcecode.swift; path = ReallyBigProjectUITests.swift; sourceTree = "<group>"; };
		BEC9CB8621DFB58A007EAFA1 /* Info.plist */ = {isa = PBXFileReference; lastKnownFileType = text.plist.xml; path = Info.plist; sourceTree = "<group>"; };
/* End PBXFileReference section */

/* Begin PBXFrameworksBuildPhase section */
		BEC9CB5E21DFB573007EAFA1 /* Frameworks */ = {
			isa = PBXFrameworksBuildPhase;
			buildActionMask = 2147483647;
			files = (
			);
			runOnlyForDeploymentPostprocessing = 0;
		};
		BEC9CB7221DFB58A007EAFA1 /* Frameworks */ = {
			isa = PBXFrameworksBuildPhase;
			buildActionMask = 2147483647;
			files = (
			);
			runOnlyForDeploymentPostprocessing = 0;
		};
		BEC9CB7D21DFB58A007EAFA1 /* Frameworks */ = {
			isa = PBXFrameworksBuildPhase;
			buildActionMask = 2147483647;
			files = (
			);
			runOnlyForDeploymentPostprocessing = 0;
		};
/* End PBXFrameworksBuildPhase section */

/* Begin PBXGroup section */
		BEC9CB5821DFB573007EAFA1 = {
			isa = PBXGroup;
			children = (
				BEC9CB6321DFB573007EAFA1 /* ReallyBigProject */,
				BEC9CB7821DFB58A007EAFA1 /* ReallyBigProjectTests */,
				BEC9CB8321DFB58A007EAFA1 /* ReallyBigProjectUITests */,
				BEC9CB6221DFB573007EAFA1 /* Products */,
			);
			sourceTree = "<group>";
		};
		BEC9CB6221DFB573007EAFA1 /* Products */ = {
			isa = PBXGroup;
			children = (
				BEC9CB6121DFB573007EAFA1 /* ReallyBigProject.app */,
				BEC9CB7521DFB58A007EAFA1 /* ReallyBigProjectTests.xctest */,
				BEC9CB8021DFB58A007EAFA1 /* ReallyBigProjectUITests.xctest */,
			);
			name = Products;
			sourceTree = "<group>";
		};
		BEC9CB6321DFB573007EAFA1 /* ReallyBigProject */ = {
			isa = PBXGroup;
			children = (
				BEC9CB9321DFB5BA007EAFA1 /* Resoures */,
				BEC9CB9421DFB5C7007EAFA1 /* Controller */,
				BEC9CB9221DFB5A7007EAFA1 /* Viiew */,
			);
			path = ReallyBigProject;
			sourceTree = "<group>";
		};
		BEC9CB7821DFB58A007EAFA1 /* ReallyBigProjectTests */ = {
			isa = PBXGroup;
			children = (
				BEC9CB7921DFB58A007EAFA1 /* ReallyBigProjectTests.swift */,
				BEC9CB7B21DFB58A007EAFA1 /* Info.plist */,
			);
			path = ReallyBigProjectTests;
			sourceTree = "<group>";
		};
		BEC9CB8321DFB58A007EAFA1 /* ReallyBigProjectUITests */ = {
			isa = PBXGroup;
			children = (
				BEC9CB8421DFB58A007EAFA1 /* ReallyBigProjectUITests.swift */,
				BEC9CB8621DFB58A007EAFA1 /* Info.plist */,
			);
			path = ReallyBigProjectUITests;
			sourceTree = "<group>";
		};
		BEC9CB9221DFB5A7007EAFA1 /* Viiew */ = {
			isa = PBXGroup;
			children = (
				BEC9CB6821DFB573007EAFA1 /* Main.storyboard */,
				BEC9CB6D21DFB589007EAFA1 /* LaunchScreen.storyboard */,
			);
			path = Viiew;
			sourceTree = "<group>";
		};
		BEC9CB9321DFB5BA007EAFA1 /* Resoures */ = {
			isa = PBXGroup;
			children = (
				BEC9CB6421DFB573007EAFA1 /* AppDelegate.swift */,
				BEC9CB6B21DFB589007EAFA1 /* Assets.xcassets */,
				BEC9CB7021DFB589007EAFA1 /* Info.plist */,
			);
			path = Resoures;
			sourceTree = "<group>";
		};
		BEC9CB9421DFB5C7007EAFA1 /* Controller */ = {
			isa = PBXGroup;
			children = (
				BEC9CB6621DFB573007EAFA1 /* ViewController.swift */,
			);
			path = Controller;
			sourceTree = "<group>";
		};
/* End PBXGroup section */

/* Begin PBXNativeTarget section */
		BEC9CB6021DFB573007EAFA1 /* ReallyBigProject */ = {
			isa = PBXNativeTarget;
			buildConfigurationList = BEC9CB8921DFB58A007EAFA1 /* Build configuration list for PBXNativeTarget "ReallyBigProject" */;
			buildPhases = (
				BEC9CB5D21DFB573007EAFA1 /* Sources */,
				BEC9CB5E21DFB573007EAFA1 /* Frameworks */,
				BEC9CB5F21DFB573007EAFA1 /* Resources */,
			);
			buildRules = (
			);
			dependencies = (
			);
			name = ReallyBigProject;
			productName = ReallyBigProject;
			productReference = BEC9CB6121DFB573007EAFA1 /* ReallyBigProject.app */;
			productType = "com.apple.product-type.application";
		};
		BEC9CB7421DFB58A007EAFA1 /* ReallyBigProjectTests */ = {
			isa = PBXNativeTarget;
			buildConfigurationList = BEC9CB8C21DFB58A007EAFA1 /* Build configuration list for PBXNativeTarget "ReallyBigProjectTests" */;
			buildPhases = (
				BEC9CB7121DFB58A007EAFA1 /* Sources */,
				BEC9CB7221DFB58A007EAFA1 /* Frameworks */,
				BEC9CB7321DFB58A007EAFA1 /* Resources */,
			);
			buildRules = (
			);
			dependencies = (
				BEC9CB7721DFB58A007EAFA1 /* PBXTargetDependency */,
			);
			name = ReallyBigProjectTests;
			productName = ReallyBigProjectTests;
			productReference = BEC9CB7521DFB58A007EAFA1 /* ReallyBigProjectTests.xctest */;
			productType = "com.apple.product-type.bundle.unit-test";
		};
		BEC9CB7F21DFB58A007EAFA1 /* ReallyBigProjectUITests */ = {
			isa = PBXNativeTarget;
			buildConfigurationList = BEC9CB8F21DFB58A007EAFA1 /* Build configuration list for PBXNativeTarget "ReallyBigProjectUITests" */;
			buildPhases = (
				BEC9CB7C21DFB58A007EAFA1 /* Sources */,
				BEC9CB7D21DFB58A007EAFA1 /* Frameworks */,
				BEC9CB7E21DFB58A007EAFA1 /* Resources */,
			);
			buildRules = (
			);
			dependencies = (
				BEC9CB8221DFB58A007EAFA1 /* PBXTargetDependency */,
			);
			name = ReallyBigProjectUITests;
			productName = ReallyBigProjectUITests;
			productReference = BEC9CB8021DFB58A007EAFA1 /* ReallyBigProjectUITests.xctest */;
			productType = "com.apple.product-type.bundle.ui-testing";
		};
/* End PBXNativeTarget section */

/* Begin PBXProject section */
		BEC9CB5921DFB573007EAFA1 /* Project object */ = {
			isa = PBXProject;
			attributes = {
				LastSwiftUpdateCheck = 1000;
				LastUpgradeCheck = 1000;
				ORGANIZATIONNAME = CTEC;
				TargetAttributes = {
					BEC9CB6021DFB573007EAFA1 = {
						CreatedOnToolsVersion = 10.0;
					};
					BEC9CB7421DFB58A007EAFA1 = {
						CreatedOnToolsVersion = 10.0;
						TestTargetID = BEC9CB6021DFB573007EAFA1;
					};
					BEC9CB7F21DFB58A007EAFA1 = {
						CreatedOnToolsVersion = 10.0;
						TestTargetID = BEC9CB6021DFB573007EAFA1;
					};
				};
			};
			buildConfigurationList = BEC9CB5C21DFB573007EAFA1 /* Build configuration list for PBXProject "ReallyBigProject" */;
			compatibilityVersion = "Xcode 9.3";
			developmentRegion = en;
			hasScannedForEncodings = 0;
			knownRegions = (
				en,
				Base,
			);
			mainGroup = BEC9CB5821DFB573007EAFA1;
			productRefGroup = BEC9CB6221DFB573007EAFA1 /* Products */;
			projectDirPath = "";
			projectRoot = "";
			targets = (
				BEC9CB6021DFB573007EAFA1 /* ReallyBigProject */,
				BEC9CB7421DFB58A007EAFA1 /* ReallyBigProjectTests */,
				BEC9CB7F21DFB58A007EAFA1 /* ReallyBigProjectUITests */,
			);
		};
/* End PBXProject section */

/* Begin PBXResourcesBuildPhase section */
		BEC9CB5F21DFB573007EAFA1 /* Resources */ = {
			isa = PBXResourcesBuildPhase;
			buildActionMask = 2147483647;
			files = (
				BEC9CB6F21DFB589007EAFA1 /* LaunchScreen.storyboard in Resources */,
				BEC9CB6C21DFB589007EAFA1 /* Assets.xcassets in Resources */,
				BEC9CB6A21DFB573007EAFA1 /* Main.storyboard in Resources */,
			);
			runOnlyForDeploymentPostprocessing = 0;
		};
		BEC9CB7321DFB58A007EAFA1 /* Resources */ = {
			isa = PBXResourcesBuildPhase;
			buildActionMask = 2147483647;
			files = (
			);
			runOnlyForDeploymentPostprocessing = 0;
		};
		BEC9CB7E21DFB58A007EAFA1 /* Resources */ = {
			isa = PBXResourcesBuildPhase;
			buildActionMask = 2147483647;
			files = (
			);
			runOnlyForDeploymentPostprocessing = 0;
		};
/* End PBXResourcesBuildPhase section */

/* Begin PBXSourcesBuildPhase section */
		BEC9CB5D21DFB573007EAFA1 /* Sources */ = {
			isa = PBXSourcesBuildPhase;
			buildActionMask = 2147483647;
			files = (
				BEC9CB6721DFB573007EAFA1 /* ViewController.swift in Sources */,
				BEC9CB6521DFB573007EAFA1 /* AppDelegate.swift in Sources */,
			);
			runOnlyForDeploymentPostprocessing = 0;
		};
		BEC9CB7121DFB58A007EAFA1 /* Sources */ = {
			isa = PBXSourcesBuildPhase;
			buildActionMask = 2147483647;
			files = (
				BEC9CB7A21DFB58A007EAFA1 /* ReallyBigProjectTests.swift in Sources */,
			);
			runOnlyForDeploymentPostprocessing = 0;
		};
		BEC9CB7C21DFB58A007EAFA1 /* Sources */ = {
			isa = PBXSourcesBuildPhase;
			buildActionMask = 2147483647;
			files = (
				BEC9CB8521DFB58A007EAFA1 /* ReallyBigProjectUITests.swift in Sources */,
			);
			runOnlyForDeploymentPostprocessing = 0;
		};
/* End PBXSourcesBuildPhase section */

/* Begin PBXTargetDependency section */
		BEC9CB7721DFB58A007EAFA1 /* PBXTargetDependency */ = {
			isa = PBXTargetDependency;
			target = BEC9CB6021DFB573007EAFA1 /* ReallyBigProject */;
			targetProxy = BEC9CB7621DFB58A007EAFA1 /* PBXContainerItemProxy */;
		};
		BEC9CB8221DFB58A007EAFA1 /* PBXTargetDependency */ = {
			isa = PBXTargetDependency;
			target = BEC9CB6021DFB573007EAFA1 /* ReallyBigProject */;
			targetProxy = BEC9CB8121DFB58A007EAFA1 /* PBXContainerItemProxy */;
		};
/* End PBXTargetDependency section */

/* Begin PBXVariantGroup section */
		BEC9CB6821DFB573007EAFA1 /* Main.storyboard */ = {
			isa = PBXVariantGroup;
			children = (
				BEC9CB6921DFB573007EAFA1 /* Base */,
			);
			name = Main.storyboard;
			sourceTree = "<group>";
		};
		BEC9CB6D21DFB589007EAFA1 /* LaunchScreen.storyboard */ = {
			isa = PBXVariantGroup;
			children = (
				BEC9CB6E21DFB589007EAFA1 /* Base */,
			);
			name = LaunchScreen.storyboard;
			sourceTree = "<group>";
		};
/* End PBXVariantGroup section */

/* Begin XCBuildConfiguration section */
		BEC9CB8721DFB58A007EAFA1 /* Debug */ = {
			isa = XCBuildConfiguration;
			buildSettings = {
				ALWAYS_SEARCH_USER_PATHS = NO;
				CLANG_ANALYZER_NONNULL = YES;
				CLANG_ANALYZER_NUMBER_OBJECT_CONVERSION = YES_AGGRESSIVE;
				CLANG_CXX_LANGUAGE_STANDARD = "gnu++14";
				CLANG_CXX_LIBRARY = "libc++";
				CLANG_ENABLE_MODULES = YES;
				CLANG_ENABLE_OBJC_ARC = YES;
				CLANG_ENABLE_OBJC_WEAK = YES;
				CLANG_WARN_BLOCK_CAPTURE_AUTORELEASING = YES;
				CLANG_WARN_BOOL_CONVERSION = YES;
				CLANG_WARN_COMMA = YES;
				CLANG_WARN_CONSTANT_CONVERSION = YES;
				CLANG_WARN_DEPRECATED_OBJC_IMPLEMENTATIONS = YES;
				CLANG_WARN_DIRECT_OBJC_ISA_USAGE = YES_ERROR;
				CLANG_WARN_DOCUMENTATION_COMMENTS = YES;
				CLANG_WARN_EMPTY_BODY = YES;
				CLANG_WARN_ENUM_CONVERSION = YES;
				CLANG_WARN_INFINITE_RECURSION = YES;
				CLANG_WARN_INT_CONVERSION = YES;
				CLANG_WARN_NON_LITERAL_NULL_CONVERSION = YES;
				CLANG_WARN_OBJC_IMPLICIT_RETAIN_SELF = YES;
				CLANG_WARN_OBJC_LITERAL_CONVERSION = YES;
				CLANG_WARN_OBJC_ROOT_CLASS = YES_ERROR;
				CLANG_WARN_RANGE_LOOP_ANALYSIS = YES;
				CLANG_WARN_STRICT_PROTOTYPES = YES;
				CLANG_WARN_SUSPICIOUS_MOVE = YES;
				CLANG_WARN_UNGUARDED_AVAILABILITY = YES_AGGRESSIVE;
				CLANG_WARN_UNREACHABLE_CODE = YES;
				CLANG_WARN__DUPLICATE_METHOD_MATCH = YES;
				CODE_SIGN_IDENTITY = "iPhone Developer";
				COPY_PHASE_STRIP = NO;
				DEBUG_INFORMATION_FORMAT = dwarf;
				ENABLE_STRICT_OBJC_MSGSEND = YES;
				ENABLE_TESTABILITY = YES;
				GCC_C_LANGUAGE_STANDARD = gnu11;
				GCC_DYNAMIC_NO_PIC = NO;
				GCC_NO_COMMON_BLOCKS = YES;
				GCC_OPTIMIZATION_LEVEL = 0;
				GCC_PREPROCESSOR_DEFINITIONS = (
					"DEBUG=1",
					"$(inherited)",
				);
				GCC_WARN_64_TO_32_BIT_CONVERSION = YES;
				GCC_WARN_ABOUT_RETURN_TYPE = YES_ERROR;
				GCC_WARN_UNDECLARED_SELECTOR = YES;
				GCC_WARN_UNINITIALIZED_AUTOS = YES_AGGRESSIVE;
				GCC_WARN_UNUSED_FUNCTION = YES;
				GCC_WARN_UNUSED_VARIABLE = YES;
				IPHONEOS_DEPLOYMENT_TARGET = 12.0;
				MTL_ENABLE_DEBUG_INFO = INCLUDE_SOURCE;
				MTL_FAST_MATH = YES;
				ONLY_ACTIVE_ARCH = YES;
				SDKROOT = iphoneos;
				SWIFT_ACTIVE_COMPILATION_CONDITIONS = DEBUG;
				SWIFT_OPTIMIZATION_LEVEL = "-Onone";
			};
			name = Debug;
		};
		BEC9CB8821DFB58A007EAFA1 /* Release */ = {
			isa = XCBuildConfiguration;
			buildSettings = {
				ALWAYS_SEARCH_USER_PATHS = NO;
				CLANG_ANALYZER_NONNULL = YES;
				CLANG_ANALYZER_NUMBER_OBJECT_CONVERSION = YES_AGGRESSIVE;
				CLANG_CXX_LANGUAGE_STANDARD = "gnu++14";
				CLANG_CXX_LIBRARY = "libc++";
				CLANG_ENABLE_MODULES = YES;
				CLANG_ENABLE_OBJC_ARC = YES;
				CLANG_ENABLE_OBJC_WEAK = YES;
				CLANG_WARN_BLOCK_CAPTURE_AUTORELEASING = YES;
				CLANG_WARN_BOOL_CONVERSION = YES;
				CLANG_WARN_COMMA = YES;
				CLANG_WARN_CONSTANT_CONVERSION = YES;
				CLANG_WARN_DEPRECATED_OBJC_IMPLEMENTATIONS = YES;
				CLANG_WARN_DIRECT_OBJC_ISA_USAGE = YES_ERROR;
				CLANG_WARN_DOCUMENTATION_COMMENTS = YES;
				CLANG_WARN_EMPTY_BODY = YES;
				CLANG_WARN_ENUM_CONVERSION = YES;
				CLANG_WARN_INFINITE_RECURSION = YES;
				CLANG_WARN_INT_CONVERSION = YES;
				CLANG_WARN_NON_LITERAL_NULL_CONVERSION = YES;
				CLANG_WARN_OBJC_IMPLICIT_RETAIN_SELF = YES;
				CLANG_WARN_OBJC_LITERAL_CONVERSION = YES;
				CLANG_WARN_OBJC_ROOT_CLASS = YES_ERROR;
				CLANG_WARN_RANGE_LOOP_ANALYSIS = YES;
				CLANG_WARN_STRICT_PROTOTYPES = YES;
				CLANG_WARN_SUSPICIOUS_MOVE = YES;
				CLANG_WARN_UNGUARDED_AVAILABILITY = YES_AGGRESSIVE;
				CLANG_WARN_UNREACHABLE_CODE = YES;
				CLANG_WARN__DUPLICATE_METHOD_MATCH = YES;
				CODE_SIGN_IDENTITY = "iPhone Developer";
				COPY_PHASE_STRIP = NO;
				DEBUG_INFORMATION_FORMAT = "dwarf-with-dsym";
				ENABLE_NS_ASSERTIONS = NO;
				ENABLE_STRICT_OBJC_MSGSEND = YES;
				GCC_C_LANGUAGE_STANDARD = gnu11;
				GCC_NO_COMMON_BLOCKS = YES;
				GCC_WARN_64_TO_32_BIT_CONVERSION = YES;
				GCC_WARN_ABOUT_RETURN_TYPE = YES_ERROR;
				GCC_WARN_UNDECLARED_SELECTOR = YES;
				GCC_WARN_UNINITIALIZED_AUTOS = YES_AGGRESSIVE;
				GCC_WARN_UNUSED_FUNCTION = YES;
				GCC_WARN_UNUSED_VARIABLE = YES;
				IPHONEOS_DEPLOYMENT_TARGET = 12.0;
				MTL_ENABLE_DEBUG_INFO = NO;
				MTL_FAST_MATH = YES;
				SDKROOT = iphoneos;
				SWIFT_COMPILATION_MODE = wholemodule;
				SWIFT_OPTIMIZATION_LEVEL = "-O";
				VALIDATE_PRODUCT = YES;
			};
			name = Release;
		};
		BEC9CB8A21DFB58A007EAFA1 /* Debug */ = {
			isa = XCBuildConfiguration;
			buildSettings = {
				ASSETCATALOG_COMPILER_APPICON_NAME = AppIcon;
				CODE_SIGN_STYLE = Automatic;
				INFOPLIST_FILE = ReallyBigProject/Info.plist;
				LD_RUNPATH_SEARCH_PATHS = (
					"$(inherited)",
					"@executable_path/Frameworks",
				);
				PRODUCT_BUNDLE_IDENTIFIER = CTEC.ReallyBigProject;
				PRODUCT_NAME = "$(TARGET_NAME)";
				SWIFT_VERSION = 4.2;
				TARGETED_DEVICE_FAMILY = "1,2";
			};
			name = Debug;
		};
		BEC9CB8B21DFB58A007EAFA1 /* Release */ = {
			isa = XCBuildConfiguration;
			buildSettings = {
				ASSETCATALOG_COMPILER_APPICON_NAME = AppIcon;
				CODE_SIGN_STYLE = Automatic;
				INFOPLIST_FILE = ReallyBigProject/Info.plist;
				LD_RUNPATH_SEARCH_PATHS = (
					"$(inherited)",
					"@executable_path/Frameworks",
				);
				PRODUCT_BUNDLE_IDENTIFIER = CTEC.ReallyBigProject;
				PRODUCT_NAME = "$(TARGET_NAME)";
				SWIFT_VERSION = 4.2;
				TARGETED_DEVICE_FAMILY = "1,2";
			};
			name = Release;
		};
		BEC9CB8D21DFB58A007EAFA1 /* Debug */ = {
			isa = XCBuildConfiguration;
			buildSettings = {
				ALWAYS_EMBED_SWIFT_STANDARD_LIBRARIES = YES;
				BUNDLE_LOADER = "$(TEST_HOST)";
				CODE_SIGN_STYLE = Automatic;
				INFOPLIST_FILE = ReallyBigProjectTests/Info.plist;
				LD_RUNPATH_SEARCH_PATHS = (
					"$(inherited)",
					"@executable_path/Frameworks",
					"@loader_path/Frameworks",
				);
				PRODUCT_BUNDLE_IDENTIFIER = CTEC.ReallyBigProjectTests;
				PRODUCT_NAME = "$(TARGET_NAME)";
				SWIFT_VERSION = 4.2;
				TARGETED_DEVICE_FAMILY = "1,2";
				TEST_HOST = "$(BUILT_PRODUCTS_DIR)/ReallyBigProject.app/ReallyBigProject";
			};
			name = Debug;
		};
		BEC9CB8E21DFB58A007EAFA1 /* Release */ = {
			isa = XCBuildConfiguration;
			buildSettings = {
				ALWAYS_EMBED_SWIFT_STANDARD_LIBRARIES = YES;
				BUNDLE_LOADER = "$(TEST_HOST)";
				CODE_SIGN_STYLE = Automatic;
				INFOPLIST_FILE = ReallyBigProjectTests/Info.plist;
				LD_RUNPATH_SEARCH_PATHS = (
					"$(inherited)",
					"@executable_path/Frameworks",
					"@loader_path/Frameworks",
				);
				PRODUCT_BUNDLE_IDENTIFIER = CTEC.ReallyBigProjectTests;
				PRODUCT_NAME = "$(TARGET_NAME)";
				SWIFT_VERSION = 4.2;
				TARGETED_DEVICE_FAMILY = "1,2";
				TEST_HOST = "$(BUILT_PRODUCTS_DIR)/ReallyBigProject.app/ReallyBigProject";
			};
			name = Release;
		};
		BEC9CB9021DFB58A007EAFA1 /* Debug */ = {
			isa = XCBuildConfiguration;
			buildSettings = {
				ALWAYS_EMBED_SWIFT_STANDARD_LIBRARIES = YES;
				CODE_SIGN_STYLE = Automatic;
				INFOPLIST_FILE = ReallyBigProjectUITests/Info.plist;
				LD_RUNPATH_SEARCH_PATHS = (
					"$(inherited)",
					"@executable_path/Frameworks",
					"@loader_path/Frameworks",
				);
				PRODUCT_BUNDLE_IDENTIFIER = CTEC.ReallyBigProjectUITests;
				PRODUCT_NAME = "$(TARGET_NAME)";
				SWIFT_VERSION = 4.2;
				TARGETED_DEVICE_FAMILY = "1,2";
				TEST_TARGET_NAME = ReallyBigProject;
			};
			name = Debug;
		};
		BEC9CB9121DFB58A007EAFA1 /* Release */ = {
			isa = XCBuildConfiguration;
			buildSettings = {
				ALWAYS_EMBED_SWIFT_STANDARD_LIBRARIES = YES;
				CODE_SIGN_STYLE = Automatic;
				INFOPLIST_FILE = ReallyBigProjectUITests/Info.plist;
				LD_RUNPATH_SEARCH_PATHS = (
					"$(inherited)",
					"@executable_path/Frameworks",
					"@loader_path/Frameworks",
				);
				PRODUCT_BUNDLE_IDENTIFIER = CTEC.ReallyBigProjectUITests;
				PRODUCT_NAME = "$(TARGET_NAME)";
				SWIFT_VERSION = 4.2;
				TARGETED_DEVICE_FAMILY = "1,2";
				TEST_TARGET_NAME = ReallyBigProject;
			};
			name = Release;
		};
/* End XCBuildConfiguration section */

/* Begin XCConfigurationList section */
		BEC9CB5C21DFB573007EAFA1 /* Build configuration list for PBXProject "ReallyBigProject" */ = {
			isa = XCConfigurationList;
			buildConfigurations = (
				BEC9CB8721DFB58A007EAFA1 /* Debug */,
				BEC9CB8821DFB58A007EAFA1 /* Release */,
			);
			defaultConfigurationIsVisible = 0;
			defaultConfigurationName = Release;
		};
		BEC9CB8921DFB58A007EAFA1 /* Build configuration list for PBXNativeTarget "ReallyBigProject" */ = {
			isa = XCConfigurationList;
			buildConfigurations = (
				BEC9CB8A21DFB58A007EAFA1 /* Debug */,
				BEC9CB8B21DFB58A007EAFA1 /* Release */,
			);
			defaultConfigurationIsVisible = 0;
			defaultConfigurationName = Release;
		};
		BEC9CB8C21DFB58A007EAFA1 /* Build configuration list for PBXNativeTarget "ReallyBigProjectTests" */ = {
			isa = XCConfigurationList;
			buildConfigurations = (
				BEC9CB8D21DFB58A007EAFA1 /* Debug */,
				BEC9CB8E21DFB58A007EAFA1 /* Release */,
			);
			defaultConfigurationIsVisible = 0;
			defaultConfigurationName = Release;
		};
		BEC9CB8F21DFB58A007EAFA1 /* Build configuration list for PBXNativeTarget "ReallyBigProjectUITests" */ = {
			isa = XCConfigurationList;
			buildConfigurations = (
				BEC9CB9021DFB58A007EAFA1 /* Debug */,
				BEC9CB9121DFB58A007EAFA1 /* Release */,
			);
			defaultConfigurationIsVisible = 0;
			defaultConfigurationName = Release;
		};
/* End XCConfigurationList section */
	};
	rootObject = BEC9CB5921DFB573007EAFA1 /* Project object */;
}
